
Microsoft Visual Studio Solution File, Format Version 12.00
# Visual Studio Version 17
VisualStudioVersion = 17.5.2.0
MinimumVisualStudioVersion = 10.0.40219.1
Project("{FAE04EC0-301F-11D3-BF4B-00C04F79EFBC}") = "PIGv4", "PIGv4\PIGv4.csproj", "{DDAA1884-30E8-3CCE-00D9-FDB8AFF5E5A9}"
EndProject
Global
	GlobalSection(SolutionConfigurationPlatforms) = preSolution
		Debug|Any CPU = Debug|Any CPU
		Debug|x64 = Debug|x64
		Debug|x86 = Debug|x86
		Release|Any CPU = Release|Any CPU
		Release|x64 = Release|x64
		Release|x86 = Release|x86
	EndGlobalSection
	GlobalSection(ProjectConfigurationPlatforms) = postSolution
		{DDAA1884-30E8-3CCE-00D9-FDB8AFF5E5A9}.Debug|Any CPU.ActiveCfg = Debug|Any CPU
		{DDAA1884-30E8-3CCE-00D9-FDB8AFF5E5A9}.Debug|Any CPU.Build.0 = Debug|Any CPU
		{DDAA1884-30E8-3CCE-00D9-FDB8AFF5E5A9}.Debug|x64.ActiveCfg = Debug|Any CPU
		{DDAA1884-30E8-3CCE-00D9-FDB8AFF5E5A9}.Debug|x64.Build.0 = Debug|Any CPU
		{DDAA1884-30E8-3CCE-00D9-FDB8AFF5E5A9}.Debug|x86.ActiveCfg = Debug|Any CPU
		{DDAA1884-30E8-3CCE-00D9-FDB8AFF5E5A9}.Debug|x86.Build.0 = Debug|Any CPU
		{DDAA1884-30E8-3CCE-00D9-FDB8AFF5E5A9}.Release|Any CPU.ActiveCfg = Release|Any CPU
		{DDAA1884-30E8-3CCE-00D9-FDB8AFF5E5A9}.Release|Any CPU.Build.0 = Release|Any CPU
		{DDAA1884-30E8-3CCE-00D9-FDB8AFF5E5A9}.Release|x64.ActiveCfg = Release|Any CPU
		{DDAA1884-30E8-3CCE-00D9-FDB8AFF5E5A9}.Release|x64.Build.0 = Release|Any CPU
		{DDAA1884-30E8-3CCE-00D9-FDB8AFF5E5A9}.Release|x86.ActiveCfg = Release|Any CPU
		{DDAA1884-30E8-3CCE-00D9-FDB8AFF5E5A9}.Release|x86.Build.0 = Release|Any CPU
	EndGlobalSection
	GlobalSection(SolutionProperties) = preSolution
		HideSolutionNode = FALSE
	EndGlobalSection
	GlobalSection(ExtensibilityGlobals) = postSolution
		SolutionGuid = {51DAAE15-2A82-4F43-87B5-0C4F9D010535}
	EndGlobalSection
EndGlobal
